
Microsoft Visual Studio Solution File, Format Version 12.00
# Visual Studio 15
VisualStudioVersion = 15.0.28307.421
MinimumVisualStudioVersion = 10.0.40219.1
Project("{FAE04EC0-301F-11D3-BF4B-00C04F79EFBC}") = "Array of Fruit", "Array of Fruit\Array of Fruit.csproj", "{B8987A0F-2430-4A63-8F31-883170A8A0A7}"
EndProject
Global
	GlobalSection(SolutionConfigurationPlatforms) = preSolution
		Debug|Any CPU = Debug|Any CPU
		Release|Any CPU = Release|Any CPU
	EndGlobalSection
	GlobalSection(ProjectConfigurationPlatforms) = postSolution
		{B8987A0F-2430-4A63-8F31-883170A8A0A7}.Debug|Any CPU.ActiveCfg = Debug|Any CPU
		{B8987A0F-2430-4A63-8F31-883170A8A0A7}.Debug|Any CPU.Build.0 = Debug|Any CPU
		{B8987A0F-2430-4A63-8F31-883170A8A0A7}.Release|Any CPU.ActiveCfg = Release|Any CPU
		{B8987A0F-2430-4A63-8F31-883170A8A0A7}.Release|Any CPU.Build.0 = Release|Any CPU
	EndGlobalSection
	GlobalSection(SolutionProperties) = preSolution
		HideSolutionNode = FALSE
	EndGlobalSection
	GlobalSection(ExtensibilityGlobals) = postSolution
		SolutionGuid = {A45A9CE2-5865-4087-BC8C-473456BFF50C}
	EndGlobalSection
EndGlobal
